
Microsoft Visual Studio Solution File, Format Version 12.00
# Visual Studio Version 16
VisualStudioVersion = 16.0.29519.181
MinimumVisualStudioVersion = 10.0.40219.1
Project("{FAE04EC0-301F-11D3-BF4B-00C04F79EFBC}") = "kursovik", "WpfApp1\kursovik.csproj", "{7A9EBCCA-7F1B-42F7-A003-A91EF14D0FAF}"
EndProject
Global
	GlobalSection(SolutionConfigurationPlatforms) = preSolution
		Debug|Any CPU = Debug|Any CPU
		Release|Any CPU = Release|Any CPU
	EndGlobalSection
	GlobalSection(ProjectConfigurationPlatforms) = postSolution
		{7A9EBCCA-7F1B-42F7-A003-A91EF14D0FAF}.Debug|Any CPU.ActiveCfg = Debug|Any CPU
		{7A9EBCCA-7F1B-42F7-A003-A91EF14D0FAF}.Debug|Any CPU.Build.0 = Debug|Any CPU
		{7A9EBCCA-7F1B-42F7-A003-A91EF14D0FAF}.Release|Any CPU.ActiveCfg = Release|Any CPU
		{7A9EBCCA-7F1B-42F7-A003-A91EF14D0FAF}.Release|Any CPU.Build.0 = Release|Any CPU
	EndGlobalSection
	GlobalSection(SolutionProperties) = preSolution
		HideSolutionNode = FALSE
	EndGlobalSection
	GlobalSection(ExtensibilityGlobals) = postSolution
		SolutionGuid = {BB5724C6-11E6-436B-BB1C-85ACAF835830}
	EndGlobalSection
EndGlobal
